
Microsoft Visual Studio Solution File, Format Version 12.00
# Visual Studio Version 16
VisualStudioVersion = 16.0.29318.209
MinimumVisualStudioVersion = 10.0.40219.1
Project("{8BC9CEB8-8B4A-11D0-8D11-00A0C91BC942}") = "expressions", "expressions.vcxproj", "{9F703321-3D8D-455A-B735-E0C5E432F272}"
EndProject
Global
	GlobalSection(SolutionConfigurationPlatforms) = preSolution
		Debug|x64 = Debug|x64
		Debug|x86 = Debug|x86
		Release|x64 = Release|x64
		Release|x86 = Release|x86
	EndGlobalSection
	GlobalSection(ProjectConfigurationPlatforms) = postSolution
		{9F703321-3D8D-455A-B735-E0C5E432F272}.Debug|x64.ActiveCfg = Debug|x64
		{9F703321-3D8D-455A-B735-E0C5E432F272}.Debug|x64.Build.0 = Debug|x64
		{9F703321-3D8D-455A-B735-E0C5E432F272}.Debug|x86.ActiveCfg = Debug|Win32
		{9F703321-3D8D-455A-B735-E0C5E432F272}.Debug|x86.Build.0 = Debug|Win32
		{9F703321-3D8D-455A-B735-E0C5E432F272}.Release|x64.ActiveCfg = Release|x64
		{9F703321-3D8D-455A-B735-E0C5E432F272}.Release|x64.Build.0 = Release|x64
		{9F703321-3D8D-455A-B735-E0C5E432F272}.Release|x86.ActiveCfg = Release|Win32
		{9F703321-3D8D-455A-B735-E0C5E432F272}.Release|x86.Build.0 = Release|Win32
	EndGlobalSection
	GlobalSection(SolutionProperties) = preSolution
		HideSolutionNode = FALSE
	EndGlobalSection
	GlobalSection(ExtensibilityGlobals) = postSolution
		SolutionGuid = {529CC54C-D3A6-4C5C-BE36-5CBC81466DA1}
	EndGlobalSection
EndGlobal
